
Microsoft Visual Studio Solution File, Format Version 11.00
# Visual Studio 2010
Project("{FAE04EC0-301F-11D3-BF4B-00C04F79EFBC}") = "AerospikeClientLite", "AerospikeClient\AerospikeClientLite.csproj", "{21FEB257-1454-4A21-81D6-BDB6FE865E97}"
EndProject
Project("{FAE04EC0-301F-11D3-BF4B-00C04F79EFBC}") = "AerospikeDemoLite", "AerospikeDemo\AerospikeDemoLite.csproj", "{D7C021D5-01AF-4DDB-86E7-801F26D17C6C}"
EndProject
Project("{FAE04EC0-301F-11D3-BF4B-00C04F79EFBC}") = "AerospikeAdminLite", "AerospikeAdmin\AerospikeAdminLite.csproj", "{5181AF59-E59C-4DA6-9589-8038A8A16E23}"
EndProject
Global
	GlobalSection(SolutionConfigurationPlatforms) = preSolution
		Debug IIS|Any CPU = Debug IIS|Any CPU
		Debug IIS|x64 = Debug IIS|x64
		Debug IIS|x86 = Debug IIS|x86
		Debug|Any CPU = Debug|Any CPU
		Debug|x64 = Debug|x64
		Debug|x86 = Debug|x86
		Release IIS|Any CPU = Release IIS|Any CPU
		Release IIS|x64 = Release IIS|x64
		Release IIS|x86 = Release IIS|x86
		Release|Any CPU = Release|Any CPU
		Release|x64 = Release|x64
		Release|x86 = Release|x86
	EndGlobalSection
	GlobalSection(ProjectConfigurationPlatforms) = postSolution
		{21FEB257-1454-4A21-81D6-BDB6FE865E97}.Debug IIS|Any CPU.ActiveCfg = Debug IIS|Any CPU
		{21FEB257-1454-4A21-81D6-BDB6FE865E97}.Debug IIS|Any CPU.Build.0 = Debug IIS|Any CPU
		{21FEB257-1454-4A21-81D6-BDB6FE865E97}.Debug IIS|x64.ActiveCfg = Debug IIS|x64
		{21FEB257-1454-4A21-81D6-BDB6FE865E97}.Debug IIS|x64.Build.0 = Debug IIS|x64
		{21FEB257-1454-4A21-81D6-BDB6FE865E97}.Debug IIS|x86.ActiveCfg = Debug IIS|x86
		{21FEB257-1454-4A21-81D6-BDB6FE865E97}.Debug IIS|x86.Build.0 = Debug IIS|x86
		{21FEB257-1454-4A21-81D6-BDB6FE865E97}.Debug|Any CPU.ActiveCfg = Debug|Any CPU
		{21FEB257-1454-4A21-81D6-BDB6FE865E97}.Debug|Any CPU.Build.0 = Debug|Any CPU
		{21FEB257-1454-4A21-81D6-BDB6FE865E97}.Debug|x64.ActiveCfg = Debug|x64
		{21FEB257-1454-4A21-81D6-BDB6FE865E97}.Debug|x64.Build.0 = Debug|x64
		{21FEB257-1454-4A21-81D6-BDB6FE865E97}.Debug|x86.ActiveCfg = Debug|x86
		{21FEB257-1454-4A21-81D6-BDB6FE865E97}.Debug|x86.Build.0 = Debug|x86
		{21FEB257-1454-4A21-81D6-BDB6FE865E97}.Release IIS|Any CPU.ActiveCfg = Release IIS|Any CPU
		{21FEB257-1454-4A21-81D6-BDB6FE865E97}.Release IIS|Any CPU.Build.0 = Release IIS|Any CPU
		{21FEB257-1454-4A21-81D6-BDB6FE865E97}.Release IIS|x64.ActiveCfg = Release IIS|x64
		{21FEB257-1454-4A21-81D6-BDB6FE865E97}.Release IIS|x64.Build.0 = Release IIS|x64
		{21FEB257-1454-4A21-81D6-BDB6FE865E97}.Release IIS|x86.ActiveCfg = Release IIS|x86
		{21FEB257-1454-4A21-81D6-BDB6FE865E97}.Release IIS|x86.Build.0 = Release IIS|x86
		{21FEB257-1454-4A21-81D6-BDB6FE865E97}.Release|Any CPU.ActiveCfg = Release|Any CPU
		{21FEB257-1454-4A21-81D6-BDB6FE865E97}.Release|Any CPU.Build.0 = Release|Any CPU
		{21FEB257-1454-4A21-81D6-BDB6FE865E97}.Release|x64.ActiveCfg = Release|x64
		{21FEB257-1454-4A21-81D6-BDB6FE865E97}.Release|x64.Build.0 = Release|x64
		{21FEB257-1454-4A21-81D6-BDB6FE865E97}.Release|x86.ActiveCfg = Release|x86
		{21FEB257-1454-4A21-81D6-BDB6FE865E97}.Release|x86.Build.0 = Release|x86
		{D7C021D5-01AF-4DDB-86E7-801F26D17C6C}.Debug IIS|Any CPU.ActiveCfg = Debug IIS|Any CPU
		{D7C021D5-01AF-4DDB-86E7-801F26D17C6C}.Debug IIS|Any CPU.Build.0 = Debug IIS|Any CPU
		{D7C021D5-01AF-4DDB-86E7-801F26D17C6C}.Debug IIS|x64.ActiveCfg = Debug IIS|x64
		{D7C021D5-01AF-4DDB-86E7-801F26D17C6C}.Debug IIS|x64.Build.0 = Debug IIS|x64
		{D7C021D5-01AF-4DDB-86E7-801F26D17C6C}.Debug IIS|x86.ActiveCfg = Debug IIS|x86
		{D7C021D5-01AF-4DDB-86E7-801F26D17C6C}.Debug IIS|x86.Build.0 = Debug IIS|x86
		{D7C021D5-01AF-4DDB-86E7-801F26D17C6C}.Debug|Any CPU.ActiveCfg = Debug|Any CPU
		{D7C021D5-01AF-4DDB-86E7-801F26D17C6C}.Debug|Any CPU.Build.0 = Debug|Any CPU
		{D7C021D5-01AF-4DDB-86E7-801F26D17C6C}.Debug|x64.ActiveCfg = Debug|x64
		{D7C021D5-01AF-4DDB-86E7-801F26D17C6C}.Debug|x64.Build.0 = Debug|x64
		{D7C021D5-01AF-4DDB-86E7-801F26D17C6C}.Debug|x86.ActiveCfg = Debug|x86
		{D7C021D5-01AF-4DDB-86E7-801F26D17C6C}.Debug|x86.Build.0 = Debug|x86
		{D7C021D5-01AF-4DDB-86E7-801F26D17C6C}.Release IIS|Any CPU.ActiveCfg = Release IIS|Any CPU
		{D7C021D5-01AF-4DDB-86E7-801F26D17C6C}.Release IIS|Any CPU.Build.0 = Release IIS|Any CPU
		{D7C021D5-01AF-4DDB-86E7-801F26D17C6C}.Release IIS|x64.ActiveCfg = Release IIS|x64
		{D7C021D5-01AF-4DDB-86E7-801F26D17C6C}.Release IIS|x64.Build.0 = Release IIS|x64
		{D7C021D5-01AF-4DDB-86E7-801F26D17C6C}.Release IIS|x86.ActiveCfg = Release IIS|x86
		{D7C021D5-01AF-4DDB-86E7-801F26D17C6C}.Release IIS|x86.Build.0 = Release IIS|x86
		{D7C021D5-01AF-4DDB-86E7-801F26D17C6C}.Release|Any CPU.ActiveCfg = Release|Any CPU
		{D7C021D5-01AF-4DDB-86E7-801F26D17C6C}.Release|Any CPU.Build.0 = Release|Any CPU
		{D7C021D5-01AF-4DDB-86E7-801F26D17C6C}.Release|x64.ActiveCfg = Release|x64
		{D7C021D5-01AF-4DDB-86E7-801F26D17C6C}.Release|x64.Build.0 = Release|x64
		{D7C021D5-01AF-4DDB-86E7-801F26D17C6C}.Release|x86.ActiveCfg = Release|x86
		{D7C021D5-01AF-4DDB-86E7-801F26D17C6C}.Release|x86.Build.0 = Release|x86
		{5181AF59-E59C-4DA6-9589-8038A8A16E23}.Debug IIS|Any CPU.ActiveCfg = Debug IIS|Any CPU
		{5181AF59-E59C-4DA6-9589-8038A8A16E23}.Debug IIS|Any CPU.Build.0 = Debug IIS|Any CPU
		{5181AF59-E59C-4DA6-9589-8038A8A16E23}.Debug IIS|x64.ActiveCfg = Debug IIS|x64
		{5181AF59-E59C-4DA6-9589-8038A8A16E23}.Debug IIS|x64.Build.0 = Debug IIS|x64
		{5181AF59-E59C-4DA6-9589-8038A8A16E23}.Debug IIS|x86.ActiveCfg = Debug IIS|x86
		{5181AF59-E59C-4DA6-9589-8038A8A16E23}.Debug IIS|x86.Build.0 = Debug IIS|x86
		{5181AF59-E59C-4DA6-9589-8038A8A16E23}.Debug|Any CPU.ActiveCfg = Debug|Any CPU
		{5181AF59-E59C-4DA6-9589-8038A8A16E23}.Debug|Any CPU.Build.0 = Debug|Any CPU
		{5181AF59-E59C-4DA6-9589-8038A8A16E23}.Debug|x64.ActiveCfg = Debug|x64
		{5181AF59-E59C-4DA6-9589-8038A8A16E23}.Debug|x64.Build.0 = Debug|x64
		{5181AF59-E59C-4DA6-9589-8038A8A16E23}.Debug|x86.ActiveCfg = Debug|x86
		{5181AF59-E59C-4DA6-9589-8038A8A16E23}.Debug|x86.Build.0 = Debug|x86
		{5181AF59-E59C-4DA6-9589-8038A8A16E23}.Release IIS|Any CPU.ActiveCfg = Release IIS|Any CPU
		{5181AF59-E59C-4DA6-9589-8038A8A16E23}.Release IIS|Any CPU.Build.0 = Release IIS|Any CPU
		{5181AF59-E59C-4DA6-9589-8038A8A16E23}.Release IIS|x64.ActiveCfg = Release IIS|x64
		{5181AF59-E59C-4DA6-9589-8038A8A16E23}.Release IIS|x64.Build.0 = Release IIS|x64
		{5181AF59-E59C-4DA6-9589-8038A8A16E23}.Release IIS|x86.ActiveCfg = Release IIS|x86
		{5181AF59-E59C-4DA6-9589-8038A8A16E23}.Release IIS|x86.Build.0 = Release IIS|x86
		{5181AF59-E59C-4DA6-9589-8038A8A16E23}.Release|Any CPU.ActiveCfg = Release|Any CPU
		{5181AF59-E59C-4DA6-9589-8038A8A16E23}.Release|Any CPU.Build.0 = Release|Any CPU
		{5181AF59-E59C-4DA6-9589-8038A8A16E23}.Release|x64.ActiveCfg = Release|x64
		{5181AF59-E59C-4DA6-9589-8038A8A16E23}.Release|x64.Build.0 = Release|x64
		{5181AF59-E59C-4DA6-9589-8038A8A16E23}.Release|x86.ActiveCfg = Release|x86
		{5181AF59-E59C-4DA6-9589-8038A8A16E23}.Release|x86.Build.0 = Release|x86
	EndGlobalSection
	GlobalSection(SolutionProperties) = preSolution
		HideSolutionNode = FALSE
	EndGlobalSection
EndGlobal
