
Microsoft Visual Studio Solution File, Format Version 12.00
# Visual Studio 15
VisualStudioVersion = 15.0.27130.2020
MinimumVisualStudioVersion = 10.0.40219.1
Project("{9A19103F-16F7-4668-BE54-9A1E7A4F7556}") = "AerospikeClient", "AerospikeClient\AerospikeClient.csproj", "{C91F58EB-01B5-4511-B8BE-E441CAF6CDA9}"
EndProject
Project("{9A19103F-16F7-4668-BE54-9A1E7A4F7556}") = "AerospikeTest", "AerospikeTest\AerospikeTest.csproj", "{E4988B5F-AF50-481F-AD93-52C62CE9EDF0}"
EndProject
Project("{9A19103F-16F7-4668-BE54-9A1E7A4F7556}") = "AerospikeBenchmarks", "AerospikeBenchmarks\AerospikeBenchmarks.csproj", "{FDD98ADC-3560-4CA4-AFB9-8C7A2F2F4DB0}"
EndProject
Global
	GlobalSection(SolutionConfigurationPlatforms) = preSolution
		Debug|Any CPU = Debug|Any CPU
		Release|Any CPU = Release|Any CPU
	EndGlobalSection
	GlobalSection(ProjectConfigurationPlatforms) = postSolution
		{C91F58EB-01B5-4511-B8BE-E441CAF6CDA9}.Debug|Any CPU.ActiveCfg = Debug|Any CPU
		{C91F58EB-01B5-4511-B8BE-E441CAF6CDA9}.Debug|Any CPU.Build.0 = Debug|Any CPU
		{C91F58EB-01B5-4511-B8BE-E441CAF6CDA9}.Release|Any CPU.ActiveCfg = Release|Any CPU
		{C91F58EB-01B5-4511-B8BE-E441CAF6CDA9}.Release|Any CPU.Build.0 = Release|Any CPU
		{E4988B5F-AF50-481F-AD93-52C62CE9EDF0}.Debug|Any CPU.ActiveCfg = Debug|Any CPU
		{E4988B5F-AF50-481F-AD93-52C62CE9EDF0}.Debug|Any CPU.Build.0 = Debug|Any CPU
		{E4988B5F-AF50-481F-AD93-52C62CE9EDF0}.Release|Any CPU.ActiveCfg = Release|Any CPU
		{E4988B5F-AF50-481F-AD93-52C62CE9EDF0}.Release|Any CPU.Build.0 = Release|Any CPU
		{FDD98ADC-3560-4CA4-AFB9-8C7A2F2F4DB0}.Debug|Any CPU.ActiveCfg = Debug|Any CPU
		{FDD98ADC-3560-4CA4-AFB9-8C7A2F2F4DB0}.Debug|Any CPU.Build.0 = Debug|Any CPU
		{FDD98ADC-3560-4CA4-AFB9-8C7A2F2F4DB0}.Release|Any CPU.ActiveCfg = Release|Any CPU
		{FDD98ADC-3560-4CA4-AFB9-8C7A2F2F4DB0}.Release|Any CPU.Build.0 = Release|Any CPU
	EndGlobalSection
	GlobalSection(SolutionProperties) = preSolution
		HideSolutionNode = FALSE
	EndGlobalSection
	GlobalSection(ExtensibilityGlobals) = postSolution
		SolutionGuid = {89EA3AFB-4CCD-43BE-97DA-B54200DDFFD7}
	EndGlobalSection
EndGlobal
