
Microsoft Visual Studio Solution File, Format Version 12.00
# Visual Studio 14
VisualStudioVersion = 14.0.25420.1
MinimumVisualStudioVersion = 10.0.40219.1
Project("{FAE04EC0-301F-11D3-BF4B-00C04F79EFBC}") = "AerospikeDemo", "AerospikeDemo\AerospikeDemo.csproj", "{D7C021D5-01AF-4DDB-86E7-801F26D17C6C}"
EndProject
Project("{FAE04EC0-301F-11D3-BF4B-00C04F79EFBC}") = "AerospikeClient", "AerospikeClient\AerospikeClient.csproj", "{21FEB257-1454-4A21-81D6-BDB6FE865E97}"
EndProject
Project("{FAE04EC0-301F-11D3-BF4B-00C04F79EFBC}") = "AerospikeAdmin", "AerospikeAdmin\AerospikeAdmin.csproj", "{5181AF59-E59C-4DA6-9589-8038A8A16E23}"
EndProject
Project("{FAE04EC0-301F-11D3-BF4B-00C04F79EFBC}") = "AerospikeTest", "AerospikeTest\AerospikeTest.csproj", "{C76109A1-1A6C-4F78-848B-DB049D5509E3}"
EndProject
Global
	GlobalSection(SolutionConfigurationPlatforms) = preSolution
		Debug IIS|Any CPU = Debug IIS|Any CPU
		Debug|Any CPU = Debug|Any CPU
		Release IIS|Any CPU = Release IIS|Any CPU
		Release|Any CPU = Release|Any CPU
	EndGlobalSection
	GlobalSection(ProjectConfigurationPlatforms) = postSolution
		{D7C021D5-01AF-4DDB-86E7-801F26D17C6C}.Debug IIS|Any CPU.ActiveCfg = Debug IIS|Any CPU
		{D7C021D5-01AF-4DDB-86E7-801F26D17C6C}.Debug IIS|Any CPU.Build.0 = Debug IIS|Any CPU
		{D7C021D5-01AF-4DDB-86E7-801F26D17C6C}.Debug|Any CPU.ActiveCfg = Debug|Any CPU
		{D7C021D5-01AF-4DDB-86E7-801F26D17C6C}.Debug|Any CPU.Build.0 = Debug|Any CPU
		{D7C021D5-01AF-4DDB-86E7-801F26D17C6C}.Release IIS|Any CPU.ActiveCfg = Release IIS|Any CPU
		{D7C021D5-01AF-4DDB-86E7-801F26D17C6C}.Release IIS|Any CPU.Build.0 = Release IIS|Any CPU
		{D7C021D5-01AF-4DDB-86E7-801F26D17C6C}.Release|Any CPU.ActiveCfg = Release|Any CPU
		{D7C021D5-01AF-4DDB-86E7-801F26D17C6C}.Release|Any CPU.Build.0 = Release|Any CPU
		{21FEB257-1454-4A21-81D6-BDB6FE865E97}.Debug IIS|Any CPU.ActiveCfg = Debug IIS|Any CPU
		{21FEB257-1454-4A21-81D6-BDB6FE865E97}.Debug IIS|Any CPU.Build.0 = Debug IIS|Any CPU
		{21FEB257-1454-4A21-81D6-BDB6FE865E97}.Debug|Any CPU.ActiveCfg = Debug|Any CPU
		{21FEB257-1454-4A21-81D6-BDB6FE865E97}.Debug|Any CPU.Build.0 = Debug|Any CPU
		{21FEB257-1454-4A21-81D6-BDB6FE865E97}.Release IIS|Any CPU.ActiveCfg = Release IIS|Any CPU
		{21FEB257-1454-4A21-81D6-BDB6FE865E97}.Release IIS|Any CPU.Build.0 = Release IIS|Any CPU
		{21FEB257-1454-4A21-81D6-BDB6FE865E97}.Release|Any CPU.ActiveCfg = Release|Any CPU
		{21FEB257-1454-4A21-81D6-BDB6FE865E97}.Release|Any CPU.Build.0 = Release|Any CPU
		{5181AF59-E59C-4DA6-9589-8038A8A16E23}.Debug IIS|Any CPU.ActiveCfg = Debug IIS|Any CPU
		{5181AF59-E59C-4DA6-9589-8038A8A16E23}.Debug IIS|Any CPU.Build.0 = Debug IIS|Any CPU
		{5181AF59-E59C-4DA6-9589-8038A8A16E23}.Debug|Any CPU.ActiveCfg = Debug|Any CPU
		{5181AF59-E59C-4DA6-9589-8038A8A16E23}.Debug|Any CPU.Build.0 = Debug|Any CPU
		{5181AF59-E59C-4DA6-9589-8038A8A16E23}.Release IIS|Any CPU.ActiveCfg = Release IIS|Any CPU
		{5181AF59-E59C-4DA6-9589-8038A8A16E23}.Release IIS|Any CPU.Build.0 = Release IIS|Any CPU
		{5181AF59-E59C-4DA6-9589-8038A8A16E23}.Release|Any CPU.ActiveCfg = Release|Any CPU
		{5181AF59-E59C-4DA6-9589-8038A8A16E23}.Release|Any CPU.Build.0 = Release|Any CPU
		{C76109A1-1A6C-4F78-848B-DB049D5509E3}.Debug IIS|Any CPU.ActiveCfg = Debug|Any CPU
		{C76109A1-1A6C-4F78-848B-DB049D5509E3}.Debug IIS|Any CPU.Build.0 = Debug|Any CPU
		{C76109A1-1A6C-4F78-848B-DB049D5509E3}.Debug|Any CPU.ActiveCfg = Debug|Any CPU
		{C76109A1-1A6C-4F78-848B-DB049D5509E3}.Debug|Any CPU.Build.0 = Debug|Any CPU
		{C76109A1-1A6C-4F78-848B-DB049D5509E3}.Release IIS|Any CPU.ActiveCfg = Release|Any CPU
		{C76109A1-1A6C-4F78-848B-DB049D5509E3}.Release IIS|Any CPU.Build.0 = Release|Any CPU
		{C76109A1-1A6C-4F78-848B-DB049D5509E3}.Release|Any CPU.ActiveCfg = Release|Any CPU
		{C76109A1-1A6C-4F78-848B-DB049D5509E3}.Release|Any CPU.Build.0 = Release|Any CPU
	EndGlobalSection
	GlobalSection(SolutionProperties) = preSolution
		HideSolutionNode = FALSE
	EndGlobalSection
EndGlobal
